
Microsoft Visual Studio Solution File, Format Version 12.00
# Visual Studio 2013
VisualStudioVersion = 12.0.30501.0
MinimumVisualStudioVersion = 10.0.40219.1
Project("{FAE04EC0-301F-11D3-BF4B-00C04F79EFBC}") = "APIComparer", "APIComparer\APIComparer.csproj", "{52BD5B46-5A1B-4D59-87F2-4D9D3533A220}"
EndProject
Project("{FAE04EC0-301F-11D3-BF4B-00C04F79EFBC}") = "APIComparer.Core", "APIComparer.Core\APIComparer.Core.csproj", "{800763B7-C4F3-44EB-AF5A-C1D211FCE18F}"
EndProject
Project("{FAE04EC0-301F-11D3-BF4B-00C04F79EFBC}") = "APIComparer.Tests", "APIComparer.Tests\APIComparer.Tests.csproj", "{4D201F63-B5F4-40BF-A095-B5A3C9D4B1A1}"
EndProject
Project("{FAE04EC0-301F-11D3-BF4B-00C04F79EFBC}") = "ExampleV1", "ExampleV1\ExampleV1.csproj", "{BA355065-B2A3-4F08-B5CD-FC6D5009A21F}"
EndProject
Project("{FAE04EC0-301F-11D3-BF4B-00C04F79EFBC}") = "ExampleV2", "ExampleV2\ExampleV2.csproj", "{122B2478-B674-4EB5-B260-1984386D8D34}"
EndProject
Global
	GlobalSection(SolutionConfigurationPlatforms) = preSolution
		Debug|Any CPU = Debug|Any CPU
		Release|Any CPU = Release|Any CPU
	EndGlobalSection
	GlobalSection(ProjectConfigurationPlatforms) = postSolution
		{52BD5B46-5A1B-4D59-87F2-4D9D3533A220}.Debug|Any CPU.ActiveCfg = Debug|Any CPU
		{52BD5B46-5A1B-4D59-87F2-4D9D3533A220}.Debug|Any CPU.Build.0 = Debug|Any CPU
		{52BD5B46-5A1B-4D59-87F2-4D9D3533A220}.Release|Any CPU.ActiveCfg = Release|Any CPU
		{52BD5B46-5A1B-4D59-87F2-4D9D3533A220}.Release|Any CPU.Build.0 = Release|Any CPU
		{800763B7-C4F3-44EB-AF5A-C1D211FCE18F}.Debug|Any CPU.ActiveCfg = Debug|Any CPU
		{800763B7-C4F3-44EB-AF5A-C1D211FCE18F}.Debug|Any CPU.Build.0 = Debug|Any CPU
		{800763B7-C4F3-44EB-AF5A-C1D211FCE18F}.Release|Any CPU.ActiveCfg = Release|Any CPU
		{800763B7-C4F3-44EB-AF5A-C1D211FCE18F}.Release|Any CPU.Build.0 = Release|Any CPU
		{4D201F63-B5F4-40BF-A095-B5A3C9D4B1A1}.Debug|Any CPU.ActiveCfg = Debug|Any CPU
		{4D201F63-B5F4-40BF-A095-B5A3C9D4B1A1}.Debug|Any CPU.Build.0 = Debug|Any CPU
		{4D201F63-B5F4-40BF-A095-B5A3C9D4B1A1}.Release|Any CPU.ActiveCfg = Release|Any CPU
		{4D201F63-B5F4-40BF-A095-B5A3C9D4B1A1}.Release|Any CPU.Build.0 = Release|Any CPU
		{BA355065-B2A3-4F08-B5CD-FC6D5009A21F}.Debug|Any CPU.ActiveCfg = Debug|Any CPU
		{BA355065-B2A3-4F08-B5CD-FC6D5009A21F}.Debug|Any CPU.Build.0 = Debug|Any CPU
		{BA355065-B2A3-4F08-B5CD-FC6D5009A21F}.Release|Any CPU.ActiveCfg = Release|Any CPU
		{BA355065-B2A3-4F08-B5CD-FC6D5009A21F}.Release|Any CPU.Build.0 = Release|Any CPU
		{122B2478-B674-4EB5-B260-1984386D8D34}.Debug|Any CPU.ActiveCfg = Debug|Any CPU
		{122B2478-B674-4EB5-B260-1984386D8D34}.Debug|Any CPU.Build.0 = Debug|Any CPU
		{122B2478-B674-4EB5-B260-1984386D8D34}.Release|Any CPU.ActiveCfg = Release|Any CPU
		{122B2478-B674-4EB5-B260-1984386D8D34}.Release|Any CPU.Build.0 = Release|Any CPU
	EndGlobalSection
	GlobalSection(SolutionProperties) = preSolution
		HideSolutionNode = FALSE
	EndGlobalSection
EndGlobal
