
Microsoft Visual Studio Solution File, Format Version 12.00
# Visual Studio 2013
VisualStudioVersion = 12.0.31101.0
MinimumVisualStudioVersion = 10.0.40219.1
Project("{FAE04EC0-301F-11D3-BF4B-00C04F79EFBC}") = "APIComparer", "APIComparer\APIComparer.csproj", "{52BD5B46-5A1B-4D59-87F2-4D9D3533A220}"
EndProject
Project("{FAE04EC0-301F-11D3-BF4B-00C04F79EFBC}") = "APIComparer.Core", "APIComparer.Core\APIComparer.Core.csproj", "{800763B7-C4F3-44EB-AF5A-C1D211FCE18F}"
EndProject
Project("{FAE04EC0-301F-11D3-BF4B-00C04F79EFBC}") = "APIComparer.Tests", "APIComparer.Tests\APIComparer.Tests.csproj", "{4D201F63-B5F4-40BF-A095-B5A3C9D4B1A1}"
EndProject
Project("{FAE04EC0-301F-11D3-BF4B-00C04F79EFBC}") = "ExampleV1", "ExampleV1\ExampleV1.csproj", "{BA355065-B2A3-4F08-B5CD-FC6D5009A21F}"
EndProject
Project("{FAE04EC0-301F-11D3-BF4B-00C04F79EFBC}") = "ExampleV2", "ExampleV2\ExampleV2.csproj", "{122B2478-B674-4EB5-B260-1984386D8D34}"
EndProject
Project("{FAE04EC0-301F-11D3-BF4B-00C04F79EFBC}") = "APIComparer.Website", "APIComparer.Website\APIComparer.Website.csproj", "{07383907-578C-4D74-B28C-D245AA9D9656}"
EndProject
Project("{2150E333-8FDC-42A3-9474-1A3956D46DE8}") = ".nuget", ".nuget", "{ADBE83F8-98A0-4EE4-BFFF-76A5F140EEE5}"
	ProjectSection(SolutionItems) = preProject
		.nuget\packages.config = .nuget\packages.config
	EndProjectSection
EndProject
Project("{FAE04EC0-301F-11D3-BF4B-00C04F79EFBC}") = "APIComparer.Backend", "APIComparer.Backend\APIComparer.Backend.csproj", "{829CA5E5-BA5D-4C4F-ABAF-6531AE2EF655}"
EndProject
Project("{FAE04EC0-301F-11D3-BF4B-00C04F79EFBC}") = "APIComparer.Contracts", "APIComparer.Contracts\APIComparer.Contracts.csproj", "{AC55CCCD-ADF5-4596-A1C2-52816F84CD9C}"
EndProject
Project("{2150E333-8FDC-42A3-9474-1A3956D46DE8}") = "Site", "Site", "{E51D47F9-D0BD-494E-918C-4D51B37791CB}"
EndProject
Project("{2150E333-8FDC-42A3-9474-1A3956D46DE8}") = "Tests", "Tests", "{C98E31CB-74C9-42C8-B821-345F85775883}"
EndProject
Global
	GlobalSection(SolutionConfigurationPlatforms) = preSolution
		Debug|Any CPU = Debug|Any CPU
		Release|Any CPU = Release|Any CPU
	EndGlobalSection
	GlobalSection(ProjectConfigurationPlatforms) = postSolution
		{52BD5B46-5A1B-4D59-87F2-4D9D3533A220}.Debug|Any CPU.ActiveCfg = Debug|Any CPU
		{52BD5B46-5A1B-4D59-87F2-4D9D3533A220}.Debug|Any CPU.Build.0 = Debug|Any CPU
		{52BD5B46-5A1B-4D59-87F2-4D9D3533A220}.Release|Any CPU.ActiveCfg = Release|Any CPU
		{52BD5B46-5A1B-4D59-87F2-4D9D3533A220}.Release|Any CPU.Build.0 = Release|Any CPU
		{800763B7-C4F3-44EB-AF5A-C1D211FCE18F}.Debug|Any CPU.ActiveCfg = Debug|Any CPU
		{800763B7-C4F3-44EB-AF5A-C1D211FCE18F}.Debug|Any CPU.Build.0 = Debug|Any CPU
		{800763B7-C4F3-44EB-AF5A-C1D211FCE18F}.Release|Any CPU.ActiveCfg = Release|Any CPU
		{800763B7-C4F3-44EB-AF5A-C1D211FCE18F}.Release|Any CPU.Build.0 = Release|Any CPU
		{4D201F63-B5F4-40BF-A095-B5A3C9D4B1A1}.Debug|Any CPU.ActiveCfg = Debug|Any CPU
		{4D201F63-B5F4-40BF-A095-B5A3C9D4B1A1}.Debug|Any CPU.Build.0 = Debug|Any CPU
		{4D201F63-B5F4-40BF-A095-B5A3C9D4B1A1}.Release|Any CPU.ActiveCfg = Release|Any CPU
		{4D201F63-B5F4-40BF-A095-B5A3C9D4B1A1}.Release|Any CPU.Build.0 = Release|Any CPU
		{BA355065-B2A3-4F08-B5CD-FC6D5009A21F}.Debug|Any CPU.ActiveCfg = Debug|Any CPU
		{BA355065-B2A3-4F08-B5CD-FC6D5009A21F}.Debug|Any CPU.Build.0 = Debug|Any CPU
		{BA355065-B2A3-4F08-B5CD-FC6D5009A21F}.Release|Any CPU.ActiveCfg = Release|Any CPU
		{BA355065-B2A3-4F08-B5CD-FC6D5009A21F}.Release|Any CPU.Build.0 = Release|Any CPU
		{122B2478-B674-4EB5-B260-1984386D8D34}.Debug|Any CPU.ActiveCfg = Debug|Any CPU
		{122B2478-B674-4EB5-B260-1984386D8D34}.Debug|Any CPU.Build.0 = Debug|Any CPU
		{122B2478-B674-4EB5-B260-1984386D8D34}.Release|Any CPU.ActiveCfg = Release|Any CPU
		{122B2478-B674-4EB5-B260-1984386D8D34}.Release|Any CPU.Build.0 = Release|Any CPU
		{07383907-578C-4D74-B28C-D245AA9D9656}.Debug|Any CPU.ActiveCfg = Debug|Any CPU
		{07383907-578C-4D74-B28C-D245AA9D9656}.Debug|Any CPU.Build.0 = Debug|Any CPU
		{07383907-578C-4D74-B28C-D245AA9D9656}.Release|Any CPU.ActiveCfg = Release|Any CPU
		{07383907-578C-4D74-B28C-D245AA9D9656}.Release|Any CPU.Build.0 = Release|Any CPU
		{829CA5E5-BA5D-4C4F-ABAF-6531AE2EF655}.Debug|Any CPU.ActiveCfg = Debug|Any CPU
		{829CA5E5-BA5D-4C4F-ABAF-6531AE2EF655}.Debug|Any CPU.Build.0 = Debug|Any CPU
		{829CA5E5-BA5D-4C4F-ABAF-6531AE2EF655}.Release|Any CPU.ActiveCfg = Release|Any CPU
		{829CA5E5-BA5D-4C4F-ABAF-6531AE2EF655}.Release|Any CPU.Build.0 = Release|Any CPU
		{AC55CCCD-ADF5-4596-A1C2-52816F84CD9C}.Debug|Any CPU.ActiveCfg = Debug|Any CPU
		{AC55CCCD-ADF5-4596-A1C2-52816F84CD9C}.Debug|Any CPU.Build.0 = Debug|Any CPU
		{AC55CCCD-ADF5-4596-A1C2-52816F84CD9C}.Release|Any CPU.ActiveCfg = Release|Any CPU
		{AC55CCCD-ADF5-4596-A1C2-52816F84CD9C}.Release|Any CPU.Build.0 = Release|Any CPU
	EndGlobalSection
	GlobalSection(SolutionProperties) = preSolution
		HideSolutionNode = FALSE
	EndGlobalSection
	GlobalSection(NestedProjects) = preSolution
		{4D201F63-B5F4-40BF-A095-B5A3C9D4B1A1} = {C98E31CB-74C9-42C8-B821-345F85775883}
		{BA355065-B2A3-4F08-B5CD-FC6D5009A21F} = {C98E31CB-74C9-42C8-B821-345F85775883}
		{122B2478-B674-4EB5-B260-1984386D8D34} = {C98E31CB-74C9-42C8-B821-345F85775883}
		{07383907-578C-4D74-B28C-D245AA9D9656} = {E51D47F9-D0BD-494E-918C-4D51B37791CB}
		{829CA5E5-BA5D-4C4F-ABAF-6531AE2EF655} = {E51D47F9-D0BD-494E-918C-4D51B37791CB}
		{AC55CCCD-ADF5-4596-A1C2-52816F84CD9C} = {E51D47F9-D0BD-494E-918C-4D51B37791CB}
	EndGlobalSection
EndGlobal
